
Microsoft Visual Studio Solution File, Format Version 12.00
# Visual Studio Version 17
VisualStudioVersion = 17.0.31903.59
MinimumVisualStudioVersion = 10.0.40219.1
Project("{FAE04EC0-301F-11D3-BF4B-00C04F79EFBC}") = "explorer-game", "explorer-game\explorer-game.csproj", "{6A1B13BE-B310-42E0-93C7-2FE298AA2775}"
EndProject
Project("{FAE04EC0-301F-11D3-BF4B-00C04F79EFBC}") = "local-exec", "local-exec\local-exec.csproj", "{833682ED-598E-4C3B-BE2C-1C26F6492225}"
EndProject
Global
	GlobalSection(SolutionConfigurationPlatforms) = preSolution
		Debug|Any CPU = Debug|Any CPU
		Release|Any CPU = Release|Any CPU
	EndGlobalSection
	GlobalSection(SolutionProperties) = preSolution
		HideSolutionNode = FALSE
	EndGlobalSection
	GlobalSection(ProjectConfigurationPlatforms) = postSolution
		{6A1B13BE-B310-42E0-93C7-2FE298AA2775}.Debug|Any CPU.ActiveCfg = Debug|Any CPU
		{6A1B13BE-B310-42E0-93C7-2FE298AA2775}.Debug|Any CPU.Build.0 = Debug|Any CPU
		{6A1B13BE-B310-42E0-93C7-2FE298AA2775}.Release|Any CPU.ActiveCfg = Release|Any CPU
		{6A1B13BE-B310-42E0-93C7-2FE298AA2775}.Release|Any CPU.Build.0 = Release|Any CPU
		{833682ED-598E-4C3B-BE2C-1C26F6492225}.Debug|Any CPU.ActiveCfg = Debug|Any CPU
		{833682ED-598E-4C3B-BE2C-1C26F6492225}.Debug|Any CPU.Build.0 = Debug|Any CPU
		{833682ED-598E-4C3B-BE2C-1C26F6492225}.Release|Any CPU.ActiveCfg = Release|Any CPU
		{833682ED-598E-4C3B-BE2C-1C26F6492225}.Release|Any CPU.Build.0 = Release|Any CPU
	EndGlobalSection
EndGlobal
